
Microsoft Visual Studio Solution File, Format Version 12.00
# Visual Studio Version 17
VisualStudioVersion = 17.14.36518.9
MinimumVisualStudioVersion = 10.0.40219.1
Project("{FAE04EC0-301F-11D3-BF4B-00C04F79EFBC}") = "ByeByeDPI", "ByeByeDPI\ByeByeDPI.csproj", "{7BC36E5D-3191-4556-A645-E8CF58D1B579}"
EndProject
Global
	GlobalSection(SolutionConfigurationPlatforms) = preSolution
		Debug|Any CPU = Debug|Any CPU
		Release|Any CPU = Release|Any CPU
	EndGlobalSection
	GlobalSection(ProjectConfigurationPlatforms) = postSolution
		{7BC36E5D-3191-4556-A645-E8CF58D1B579}.Debug|Any CPU.ActiveCfg = Debug|Any CPU
		{7BC36E5D-3191-4556-A645-E8CF58D1B579}.Debug|Any CPU.Build.0 = Debug|Any CPU
		{7BC36E5D-3191-4556-A645-E8CF58D1B579}.Release|Any CPU.ActiveCfg = Release|Any CPU
		{7BC36E5D-3191-4556-A645-E8CF58D1B579}.Release|Any CPU.Build.0 = Release|Any CPU
	EndGlobalSection
	GlobalSection(SolutionProperties) = preSolution
		HideSolutionNode = FALSE
	EndGlobalSection
	GlobalSection(ExtensibilityGlobals) = postSolution
		SolutionGuid = {70FEEDD0-CF67-4574-B01F-6CED1B078B5B}
	EndGlobalSection
EndGlobal
